// !$*UTF8*$!
{
	archiveVersion = 1;
	classes = {
	};
	objectVersion = 46;
	objects = {

/* Begin PBXBuildFile section */
		8D202CEB0486D31800D8A456 /* WindowManPref.h in Headers */ = {isa = PBXBuildFile; fileRef = F506C03C013D9D7901CA16C8 /* WindowManPref.h */; };
		8D202CED0486D31800D8A456 /* InfoPlist.strings in Resources */ = {isa = PBXBuildFile; fileRef = 089C167DFE841241C02AAC07 /* InfoPlist.strings */; };
		8D202CEE0486D31800D8A456 /* WindowManPref.tiff in Resources */ = {isa = PBXBuildFile; fileRef = F506C040013D9D8001CA16C8 /* WindowManPref.tiff */; };
		8D202CEF0486D31800D8A456 /* WindowManPref.xib in Resources */ = {isa = PBXBuildFile; fileRef = F506C042013D9D8C01CA16C8 /* WindowManPref.xib */; };
		8D202CF10486D31800D8A456 /* WindowManPref.m in Sources */ = {isa = PBXBuildFile; fileRef = F506C03D013D9D7901CA16C8 /* WindowManPref.m */; };
		8D202CF30486D31800D8A456 /* Cocoa.framework in Frameworks */ = {isa = PBXBuildFile; fileRef = 1058C7ADFEA557BF11CA2CBB /* Cocoa.framework */; };
		8D202CF40486D31800D8A456 /* PreferencePanes.framework in Frameworks */ = {isa = PBXBuildFile; fileRef = F506C035013D953901CA16C8 /* PreferencePanes.framework */; };
		F23412B31193E145000532AE /* Cocoa.framework in Frameworks */ = {isa = PBXBuildFile; fileRef = 1058C7ADFEA557BF11CA2CBB /* Cocoa.framework */; };
		F23BFCAE11940C980005E64D /* WindowManMoverSizer.m in Sources */ = {isa = PBXBuildFile; fileRef = F23BFCAD11940C980005E64D /* WindowManMoverSizer.m */; };
		F28E50FE11911F9E00880FFF /* WindowManCommonPreferences.h in Headers */ = {isa = PBXBuildFile; fileRef = F28E50FC11911F9E00880FFF /* WindowManCommonPreferences.h */; };
		F28E50FF11911F9E00880FFF /* WindowManCommonPreferences.m in Sources */ = {isa = PBXBuildFile; fileRef = F28E50FD11911F9E00880FFF /* WindowManCommonPreferences.m */; };
		F28E5113119123A000880FFF /* WindowManHotkeyPreferences.h in Headers */ = {isa = PBXBuildFile; fileRef = F28E5111119123A000880FFF /* WindowManHotkeyPreferences.h */; };
		F28E5114119123A000880FFF /* WindowManHotkeyPreferences.m in Sources */ = {isa = PBXBuildFile; fileRef = F28E5112119123A000880FFF /* WindowManHotkeyPreferences.m */; };
		F28E512B1191282E00880FFF /* NWHotkeyBox.h in Headers */ = {isa = PBXBuildFile; fileRef = F28E51271191282E00880FFF /* NWHotkeyBox.h */; };
		F28E512C1191282E00880FFF /* NWHotkeyBox.m in Sources */ = {isa = PBXBuildFile; fileRef = F28E51281191282E00880FFF /* NWHotkeyBox.m */; };
		F28E512D1191282E00880FFF /* NWHotkeyStringTransformer.h in Headers */ = {isa = PBXBuildFile; fileRef = F28E51291191282E00880FFF /* NWHotkeyStringTransformer.h */; };
		F28E512E1191282E00880FFF /* NWHotkeyStringTransformer.m in Sources */ = {isa = PBXBuildFile; fileRef = F28E512A1191282E00880FFF /* NWHotkeyStringTransformer.m */; };
		F28E513A1191299200880FFF /* Carbon.framework in Frameworks */ = {isa = PBXBuildFile; fileRef = F28E51391191299200880FFF /* Carbon.framework */; };
		F28E514111912A6600880FFF /* NWLoginItems.h in Headers */ = {isa = PBXBuildFile; fileRef = F28E513F11912A6600880FFF /* NWLoginItems.h */; };
		F28E514211912A6600880FFF /* NWLoginItems.m in Sources */ = {isa = PBXBuildFile; fileRef = F28E514011912A6600880FFF /* NWLoginItems.m */; };
		F28E515311915E8B00880FFF /* WindowManHotkeyTextView.h in Headers */ = {isa = PBXBuildFile; fileRef = F28E515111915E8B00880FFF /* WindowManHotkeyTextView.h */; };
		F28E515411915E8B00880FFF /* WindowManHotkeyTextView.m in Sources */ = {isa = PBXBuildFile; fileRef = F28E515211915E8B00880FFF /* WindowManHotkeyTextView.m */; };
		F28E51651191659300880FFF /* WindowManHotkeyCell.h in Headers */ = {isa = PBXBuildFile; fileRef = F28E51631191659300880FFF /* WindowManHotkeyCell.h */; };
		F28E51661191659300880FFF /* WindowManHotkeyCell.m in Sources */ = {isa = PBXBuildFile; fileRef = F28E51641191659300880FFF /* WindowManHotkeyCell.m */; };
		F28E52D01193615800880FFF /* WindowManPreferences.strings in Resources */ = {isa = PBXBuildFile; fileRef = F28E52CF1193615800880FFF /* WindowManPreferences.strings */; };
		F28E535C11937F6A00880FFF /* WindowManNotifications.h in Headers */ = {isa = PBXBuildFile; fileRef = F28E535A11937F6A00880FFF /* WindowManNotifications.h */; };
		F28E535D11937F6A00880FFF /* WindowManNotifications.m in Sources */ = {isa = PBXBuildFile; fileRef = F28E535B11937F6A00880FFF /* WindowManNotifications.m */; };
		F28E53AA1193CF0B00880FFF /* WindowManHelper.app in Resources */ = {isa = PBXBuildFile; fileRef = F28E539C1193CEEF00880FFF /* WindowManHelper.app */; };
		F28E53B01193CF5800880FFF /* WindowManBundleIdentifiers.h in Headers */ = {isa = PBXBuildFile; fileRef = F28E53AE1193CF5800880FFF /* WindowManBundleIdentifiers.h */; };
		F28E53B11193CF5800880FFF /* WindowManBundleIdentifiers.m in Sources */ = {isa = PBXBuildFile; fileRef = F28E53AF1193CF5800880FFF /* WindowManBundleIdentifiers.m */; };
		F28E53BD1193D11D00880FFF /* main.m in Sources */ = {isa = PBXBuildFile; fileRef = F28E53BC1193D11D00880FFF /* main.m */; };
		F28E53C01193D13000880FFF /* WindowManHelperAppDelegate.m in Sources */ = {isa = PBXBuildFile; fileRef = F28E53BF1193D13000880FFF /* WindowManHelperAppDelegate.m */; };
		F28E53E21193DDBE00880FFF /* WindowMan_Prefix.pch in Headers */ = {isa = PBXBuildFile; fileRef = 32DBCFA20370C41700C91783 /* WindowMan_Prefix.pch */; };
		F28E53E31193DDC900880FFF /* WindowManCommonPreferences.m in Sources */ = {isa = PBXBuildFile; fileRef = F28E50FD11911F9E00880FFF /* WindowManCommonPreferences.m */; };
		F28E53E41193DDCD00880FFF /* WindowManHotkeyPreferences.m in Sources */ = {isa = PBXBuildFile; fileRef = F28E5112119123A000880FFF /* WindowManHotkeyPreferences.m */; };
		F28E53E51193DDD600880FFF /* WindowManNotifications.m in Sources */ = {isa = PBXBuildFile; fileRef = F28E535B11937F6A00880FFF /* WindowManNotifications.m */; };
		F28E53E61193DDD600880FFF /* NWHotkeyBox.m in Sources */ = {isa = PBXBuildFile; fileRef = F28E51281191282E00880FFF /* NWHotkeyBox.m */; };
		F28E53E71193DDD600880FFF /* NWHotkeyStringTransformer.m in Sources */ = {isa = PBXBuildFile; fileRef = F28E512A1191282E00880FFF /* NWHotkeyStringTransformer.m */; };
		F28E53E81193DDD600880FFF /* WindowManBundleIdentifiers.m in Sources */ = {isa = PBXBuildFile; fileRef = F28E53AF1193CF5800880FFF /* WindowManBundleIdentifiers.m */; };
		F28E53F31193DE4F00880FFF /* Carbon.framework in Frameworks */ = {isa = PBXBuildFile; fileRef = F28E51391191299200880FFF /* Carbon.framework */; };
/* End PBXBuildFile section */

/* Begin PBXContainerItemProxy section */
		F28E53A21193CF0100880FFF /* PBXContainerItemProxy */ = {
			isa = PBXContainerItemProxy;
			containerPortal = 089C1669FE841209C02AAC07 /* Project object */;
			proxyType = 1;
			remoteGlobalIDString = F28E539B1193CEEF00880FFF;
			remoteInfo = WindowManHelper;
		};
/* End PBXContainerItemProxy section */

/* Begin PBXFileReference section */
		089C1672FE841209C02AAC07 /* Foundation.framework */ = {isa = PBXFileReference; lastKnownFileType = wrapper.framework; name = Foundation.framework; path = /System/Library/Frameworks/Foundation.framework; sourceTree = "<absolute>"; };
		089C167EFE841241C02AAC07 /* English */ = {isa = PBXFileReference; fileEncoding = 10; lastKnownFileType = text.plist.strings; name = English; path = English.lproj/InfoPlist.strings; sourceTree = "<group>"; };
		089C167FFE841241C02AAC07 /* AppKit.framework */ = {isa = PBXFileReference; lastKnownFileType = wrapper.framework; name = AppKit.framework; path = /System/Library/Frameworks/AppKit.framework; sourceTree = "<absolute>"; };
		1058C7ADFEA557BF11CA2CBB /* Cocoa.framework */ = {isa = PBXFileReference; lastKnownFileType = wrapper.framework; name = Cocoa.framework; path = /System/Library/Frameworks/Cocoa.framework; sourceTree = "<absolute>"; };
		32DBCFA20370C41700C91783 /* WindowMan_Prefix.pch */ = {isa = PBXFileReference; fileEncoding = 4; lastKnownFileType = sourcecode.c.h; path = WindowMan_Prefix.pch; sourceTree = "<group>"; };
		8D202CF70486D31800D8A456 /* Info.plist */ = {isa = PBXFileReference; fileEncoding = 4; lastKnownFileType = text.plist; path = Info.plist; sourceTree = "<group>"; };
		8D202CF80486D31800D8A456 /* WindowMan.prefPane */ = {isa = PBXFileReference; explicitFileType = wrapper.cfbundle; includeInIndex = 0; path = WindowMan.prefPane; sourceTree = BUILT_PRODUCTS_DIR; };
		F23BFCAC11940C980005E64D /* WindowManMoverSizer.h */ = {isa = PBXFileReference; fileEncoding = 4; lastKnownFileType = sourcecode.c.h; path = WindowManMoverSizer.h; sourceTree = "<group>"; };
		F23BFCAD11940C980005E64D /* WindowManMoverSizer.m */ = {isa = PBXFileReference; fileEncoding = 4; lastKnownFileType = sourcecode.c.objc; path = WindowManMoverSizer.m; sourceTree = "<group>"; };
		F28E50FC11911F9E00880FFF /* WindowManCommonPreferences.h */ = {isa = PBXFileReference; fileEncoding = 4; lastKnownFileType = sourcecode.c.h; path = WindowManCommonPreferences.h; sourceTree = "<group>"; };
		F28E50FD11911F9E00880FFF /* WindowManCommonPreferences.m */ = {isa = PBXFileReference; fileEncoding = 4; lastKnownFileType = sourcecode.c.objc; path = WindowManCommonPreferences.m; sourceTree = "<group>"; };
		F28E5111119123A000880FFF /* WindowManHotkeyPreferences.h */ = {isa = PBXFileReference; fileEncoding = 4; lastKnownFileType = sourcecode.c.h; path = WindowManHotkeyPreferences.h; sourceTree = "<group>"; };
		F28E5112119123A000880FFF /* WindowManHotkeyPreferences.m */ = {isa = PBXFileReference; fileEncoding = 4; lastKnownFileType = sourcecode.c.objc; path = WindowManHotkeyPreferences.m; sourceTree = "<group>"; };
		F28E51271191282E00880FFF /* NWHotkeyBox.h */ = {isa = PBXFileReference; fileEncoding = 4; lastKnownFileType = sourcecode.c.h; path = NWHotkeyBox.h; sourceTree = "<group>"; };
		F28E51281191282E00880FFF /* NWHotkeyBox.m */ = {isa = PBXFileReference; fileEncoding = 4; lastKnownFileType = sourcecode.c.objc; path = NWHotkeyBox.m; sourceTree = "<group>"; };
		F28E51291191282E00880FFF /* NWHotkeyStringTransformer.h */ = {isa = PBXFileReference; fileEncoding = 4; lastKnownFileType = sourcecode.c.h; path = NWHotkeyStringTransformer.h; sourceTree = "<group>"; };
		F28E512A1191282E00880FFF /* NWHotkeyStringTransformer.m */ = {isa = PBXFileReference; fileEncoding = 4; lastKnownFileType = sourcecode.c.objc; path = NWHotkeyStringTransformer.m; sourceTree = "<group>"; };
		F28E51391191299200880FFF /* Carbon.framework */ = {isa = PBXFileReference; lastKnownFileType = wrapper.framework; name = Carbon.framework; path = System/Library/Frameworks/Carbon.framework; sourceTree = SDKROOT; };
		F28E513F11912A6600880FFF /* NWLoginItems.h */ = {isa = PBXFileReference; fileEncoding = 4; lastKnownFileType = sourcecode.c.h; path = NWLoginItems.h; sourceTree = "<group>"; };
		F28E514011912A6600880FFF /* NWLoginItems.m */ = {isa = PBXFileReference; fileEncoding = 4; lastKnownFileType = sourcecode.c.objc; path = NWLoginItems.m; sourceTree = "<group>"; };
		F28E515111915E8B00880FFF /* WindowManHotkeyTextView.h */ = {isa = PBXFileReference; fileEncoding = 4; lastKnownFileType = sourcecode.c.h; path = WindowManHotkeyTextView.h; sourceTree = "<group>"; };
		F28E515211915E8B00880FFF /* WindowManHotkeyTextView.m */ = {isa = PBXFileReference; fileEncoding = 4; lastKnownFileType = sourcecode.c.objc; path = WindowManHotkeyTextView.m; sourceTree = "<group>"; };
		F28E51631191659300880FFF /* WindowManHotkeyCell.h */ = {isa = PBXFileReference; fileEncoding = 4; lastKnownFileType = sourcecode.c.h; path = WindowManHotkeyCell.h; sourceTree = "<group>"; };
		F28E51641191659300880FFF /* WindowManHotkeyCell.m */ = {isa = PBXFileReference; fileEncoding = 4; lastKnownFileType = sourcecode.c.objc; path = WindowManHotkeyCell.m; sourceTree = "<group>"; };
		F28E52C9119360B800880FFF /* English */ = {isa = PBXFileReference; fileEncoding = 10; lastKnownFileType = text.plist.strings; name = English; path = English.lproj/WindowManPreferences.strings; sourceTree = "<group>"; };
		F28E535A11937F6A00880FFF /* WindowManNotifications.h */ = {isa = PBXFileReference; fileEncoding = 4; lastKnownFileType = sourcecode.c.h; path = WindowManNotifications.h; sourceTree = "<group>"; };
		F28E535B11937F6A00880FFF /* WindowManNotifications.m */ = {isa = PBXFileReference; fileEncoding = 4; lastKnownFileType = sourcecode.c.objc; path = WindowManNotifications.m; sourceTree = "<group>"; };
		F28E539C1193CEEF00880FFF /* WindowManHelper.app */ = {isa = PBXFileReference; explicitFileType = wrapper.application; includeInIndex = 0; path = WindowManHelper.app; sourceTree = BUILT_PRODUCTS_DIR; };
		F28E539E1193CEEF00880FFF /* Info.plist */ = {isa = PBXFileReference; lastKnownFileType = text.plist.xml; path = Info.plist; sourceTree = "<group>"; };
		F28E53AE1193CF5800880FFF /* WindowManBundleIdentifiers.h */ = {isa = PBXFileReference; fileEncoding = 4; lastKnownFileType = sourcecode.c.h; path = WindowManBundleIdentifiers.h; sourceTree = "<group>"; };
		F28E53AF1193CF5800880FFF /* WindowManBundleIdentifiers.m */ = {isa = PBXFileReference; fileEncoding = 4; lastKnownFileType = sourcecode.c.objc; path = WindowManBundleIdentifiers.m; sourceTree = "<group>"; };
		F28E53BC1193D11D00880FFF /* main.m */ = {isa = PBXFileReference; fileEncoding = 4; lastKnownFileType = sourcecode.c.objc; path = main.m; sourceTree = "<group>"; };
		F28E53BE1193D13000880FFF /* WindowManHelperAppDelegate.h */ = {isa = PBXFileReference; fileEncoding = 4; lastKnownFileType = sourcecode.c.h; path = WindowManHelperAppDelegate.h; sourceTree = "<group>"; };
		F28E53BF1193D13000880FFF /* WindowManHelperAppDelegate.m */ = {isa = PBXFileReference; fileEncoding = 4; lastKnownFileType = sourcecode.c.objc; path = WindowManHelperAppDelegate.m; sourceTree = "<group>"; };
		F506C035013D953901CA16C8 /* PreferencePanes.framework */ = {isa = PBXFileReference; lastKnownFileType = wrapper.framework; name = PreferencePanes.framework; path = /System/Library/Frameworks/PreferencePanes.framework; sourceTree = "<absolute>"; };
		F506C03C013D9D7901CA16C8 /* WindowManPref.h */ = {isa = PBXFileReference; fileEncoding = 4; lastKnownFileType = sourcecode.c.h; path = WindowManPref.h; sourceTree = "<group>"; };
		F506C03D013D9D7901CA16C8 /* WindowManPref.m */ = {isa = PBXFileReference; fileEncoding = 4; lastKnownFileType = sourcecode.c.objc; path = WindowManPref.m; sourceTree = "<group>"; };
		F506C040013D9D8001CA16C8 /* WindowManPref.tiff */ = {isa = PBXFileReference; lastKnownFileType = image.tiff; path = WindowManPref.tiff; sourceTree = "<group>"; };
		F506C043013D9D8C01CA16C8 /* English */ = {isa = PBXFileReference; lastKnownFileType = file.xib; name = English; path = English.lproj/WindowManPref.xib; sourceTree = "<group>"; };
/* End PBXFileReference section */

/* Begin PBXFrameworksBuildPhase section */
		8D202CF20486D31800D8A456 /* Frameworks */ = {
			isa = PBXFrameworksBuildPhase;
			buildActionMask = 2147483647;
			files = (
				8D202CF30486D31800D8A456 /* Cocoa.framework in Frameworks */,
				8D202CF40486D31800D8A456 /* PreferencePanes.framework in Frameworks */,
				F28E513A1191299200880FFF /* Carbon.framework in Frameworks */,
			);
			runOnlyForDeploymentPostprocessing = 0;
		};
		F28E539A1193CEEF00880FFF /* Frameworks */ = {
			isa = PBXFrameworksBuildPhase;
			buildActionMask = 2147483647;
			files = (
				F23412B31193E145000532AE /* Cocoa.framework in Frameworks */,
				F28E53F31193DE4F00880FFF /* Carbon.framework in Frameworks */,
			);
			runOnlyForDeploymentPostprocessing = 0;
		};
/* End PBXFrameworksBuildPhase section */

/* Begin PBXGroup section */
		089C166AFE841209C02AAC07 /* WindowMan */ = {
			isa = PBXGroup;
			children = (
				F28E53B41193CFB500880FFF /* Helper */,
				F28E52D11193617C00880FFF /* Global */,
				F28E51071191205200880FFF /* Prefpane */,
				089C1671FE841209C02AAC07 /* Frameworks and Libraries */,
				19C28FB8FE9D52D311CA2CBB /* Products */,
			);
			name = WindowMan;
			sourceTree = "<group>";
		};
		089C1671FE841209C02AAC07 /* Frameworks and Libraries */ = {
			isa = PBXGroup;
			children = (
				1058C7ACFEA557BF11CA2CBB /* Linked Frameworks */,
				1058C7AEFEA557BF11CA2CBB /* Other Frameworks */,
			);
			name = "Frameworks and Libraries";
			sourceTree = "<group>";
		};
		089C167CFE841241C02AAC07 /* Resources */ = {
			isa = PBXGroup;
			children = (
				8D202CF70486D31800D8A456 /* Info.plist */,
				089C167DFE841241C02AAC07 /* InfoPlist.strings */,
				F506C040013D9D8001CA16C8 /* WindowManPref.tiff */,
				F506C042013D9D8C01CA16C8 /* WindowManPref.xib */,
			);
			path = Resources;
			sourceTree = "<group>";
		};
		08FB77AFFE84173DC02AAC07 /* Classes */ = {
			isa = PBXGroup;
			children = (
				F28E513F11912A6600880FFF /* NWLoginItems.h */,
				F28E514011912A6600880FFF /* NWLoginItems.m */,
				F506C03C013D9D7901CA16C8 /* WindowManPref.h */,
				F506C03D013D9D7901CA16C8 /* WindowManPref.m */,
				F28E515111915E8B00880FFF /* WindowManHotkeyTextView.h */,
				F28E515211915E8B00880FFF /* WindowManHotkeyTextView.m */,
				F28E51631191659300880FFF /* WindowManHotkeyCell.h */,
				F28E51641191659300880FFF /* WindowManHotkeyCell.m */,
			);
			path = Classes;
			sourceTree = "<group>";
		};
		1058C7ACFEA557BF11CA2CBB /* Linked Frameworks */ = {
			isa = PBXGroup;
			children = (
				1058C7ADFEA557BF11CA2CBB /* Cocoa.framework */,
				F506C035013D953901CA16C8 /* PreferencePanes.framework */,
				F28E51391191299200880FFF /* Carbon.framework */,
			);
			name = "Linked Frameworks";
			sourceTree = "<group>";
		};
		1058C7AEFEA557BF11CA2CBB /* Other Frameworks */ = {
			isa = PBXGroup;
			children = (
				089C1672FE841209C02AAC07 /* Foundation.framework */,
				089C167FFE841241C02AAC07 /* AppKit.framework */,
			);
			name = "Other Frameworks";
			sourceTree = "<group>";
		};
		19C28FB8FE9D52D311CA2CBB /* Products */ = {
			isa = PBXGroup;
			children = (
				8D202CF80486D31800D8A456 /* WindowMan.prefPane */,
				F28E539C1193CEEF00880FFF /* WindowManHelper.app */,
			);
			name = Products;
			sourceTree = "<group>";
		};
		F28E50F511911F7A00880FFF /* Sources */ = {
			isa = PBXGroup;
			children = (
				32DBCFA20370C41700C91783 /* WindowMan_Prefix.pch */,
				F28E50FC11911F9E00880FFF /* WindowManCommonPreferences.h */,
				F28E50FD11911F9E00880FFF /* WindowManCommonPreferences.m */,
				F28E5111119123A000880FFF /* WindowManHotkeyPreferences.h */,
				F28E5112119123A000880FFF /* WindowManHotkeyPreferences.m */,
				F28E535A11937F6A00880FFF /* WindowManNotifications.h */,
				F28E535B11937F6A00880FFF /* WindowManNotifications.m */,
				F28E51271191282E00880FFF /* NWHotkeyBox.h */,
				F28E51281191282E00880FFF /* NWHotkeyBox.m */,
				F28E51291191282E00880FFF /* NWHotkeyStringTransformer.h */,
				F28E512A1191282E00880FFF /* NWHotkeyStringTransformer.m */,
				F28E53AE1193CF5800880FFF /* WindowManBundleIdentifiers.h */,
				F28E53AF1193CF5800880FFF /* WindowManBundleIdentifiers.m */,
			);
			path = Sources;
			sourceTree = "<group>";
		};
		F28E51071191205200880FFF /* Prefpane */ = {
			isa = PBXGroup;
			children = (
				08FB77AFFE84173DC02AAC07 /* Classes */,
				089C167CFE841241C02AAC07 /* Resources */,
			);
			path = Prefpane;
			sourceTree = "<group>";
		};
		F28E52D11193617C00880FFF /* Global */ = {
			isa = PBXGroup;
			children = (
				F28E52D21193619000880FFF /* Resources */,
				F28E50F511911F7A00880FFF /* Sources */,
			);
			path = Global;
			sourceTree = "<group>";
		};
		F28E52D21193619000880FFF /* Resources */ = {
			isa = PBXGroup;
			children = (
				F28E52CF1193615800880FFF /* WindowManPreferences.strings */,
			);
			path = Resources;
			sourceTree = "<group>";
		};
		F28E53B41193CFB500880FFF /* Helper */ = {
			isa = PBXGroup;
			children = (
				F28E53BB1193CFFD00880FFF /* Sources */,
				F28E53B51193CFC300880FFF /* Resources */,
			);
			path = Helper;
			sourceTree = "<group>";
		};
		F28E53B51193CFC300880FFF /* Resources */ = {
			isa = PBXGroup;
			children = (
				F28E539E1193CEEF00880FFF /* Info.plist */,
			);
			path = Resources;
			sourceTree = "<group>";
		};
		F28E53BB1193CFFD00880FFF /* Sources */ = {
			isa = PBXGroup;
			children = (
				F28E53BC1193D11D00880FFF /* main.m */,
				F28E53BE1193D13000880FFF /* WindowManHelperAppDelegate.h */,
				F28E53BF1193D13000880FFF /* WindowManHelperAppDelegate.m */,
				F23BFCAC11940C980005E64D /* WindowManMoverSizer.h */,
				F23BFCAD11940C980005E64D /* WindowManMoverSizer.m */,
			);
			path = Sources;
			sourceTree = "<group>";
		};
/* End PBXGroup section */

/* Begin PBXHeadersBuildPhase section */
		8D202CE90486D31800D8A456 /* Headers */ = {
			isa = PBXHeadersBuildPhase;
			buildActionMask = 2147483647;
			files = (
				8D202CEB0486D31800D8A456 /* WindowManPref.h in Headers */,
				F28E50FE11911F9E00880FFF /* WindowManCommonPreferences.h in Headers */,
				F28E5113119123A000880FFF /* WindowManHotkeyPreferences.h in Headers */,
				F28E512B1191282E00880FFF /* NWHotkeyBox.h in Headers */,
				F28E512D1191282E00880FFF /* NWHotkeyStringTransformer.h in Headers */,
				F28E514111912A6600880FFF /* NWLoginItems.h in Headers */,
				F28E515311915E8B00880FFF /* WindowManHotkeyTextView.h in Headers */,
				F28E51651191659300880FFF /* WindowManHotkeyCell.h in Headers */,
				F28E535C11937F6A00880FFF /* WindowManNotifications.h in Headers */,
				F28E53B01193CF5800880FFF /* WindowManBundleIdentifiers.h in Headers */,
				F28E53E21193DDBE00880FFF /* WindowMan_Prefix.pch in Headers */,
			);
			runOnlyForDeploymentPostprocessing = 0;
		};
/* End PBXHeadersBuildPhase section */

/* Begin PBXNativeTarget section */
		8D202CE80486D31800D8A456 /* WindowMan */ = {
			isa = PBXNativeTarget;
			buildConfigurationList = 1DBD214808BA80EA00186707 /* Build configuration list for PBXNativeTarget "WindowMan" */;
			buildPhases = (
				8D202CE90486D31800D8A456 /* Headers */,
				8D202CEC0486D31800D8A456 /* Resources */,
				8D202CF00486D31800D8A456 /* Sources */,
				8D202CF20486D31800D8A456 /* Frameworks */,
				8D202CF50486D31800D8A456 /* Rez */,
			);
			buildRules = (
			);
			dependencies = (
				F28E53A31193CF0100880FFF /* PBXTargetDependency */,
			);
			name = WindowMan;
			productInstallPath = "$(HOME)/Library/PreferencePanes";
			productName = WindowMan;
			productReference = 8D202CF80486D31800D8A456 /* WindowMan.prefPane */;
			productType = "com.apple.product-type.bundle";
		};
		F28E539B1193CEEF00880FFF /* WindowManHelper */ = {
			isa = PBXNativeTarget;
			buildConfigurationList = F28E53A11193CEF000880FFF /* Build configuration list for PBXNativeTarget "WindowManHelper" */;
			buildPhases = (
				F28E53981193CEEF00880FFF /* Resources */,
				F28E53991193CEEF00880FFF /* Sources */,
				F28E539A1193CEEF00880FFF /* Frameworks */,
			);
			buildRules = (
			);
			dependencies = (
			);
			name = WindowManHelper;
			productName = WindowManHelper;
			productReference = F28E539C1193CEEF00880FFF /* WindowManHelper.app */;
			productType = "com.apple.product-type.application";
		};
/* End PBXNativeTarget section */

/* Begin PBXProject section */
		089C1669FE841209C02AAC07 /* Project object */ = {
			isa = PBXProject;
			buildConfigurationList = 1DBD214C08BA80EA00186707 /* Build configuration list for PBXProject "WindowMan" */;
			compatibilityVersion = "Xcode 3.2";
			hasScannedForEncodings = 1;
			mainGroup = 089C166AFE841209C02AAC07 /* WindowMan */;
			projectDirPath = "";
			projectRoot = "";
			targets = (
				8D202CE80486D31800D8A456 /* WindowMan */,
				F28E539B1193CEEF00880FFF /* WindowManHelper */,
			);
		};
/* End PBXProject section */

/* Begin PBXResourcesBuildPhase section */
		8D202CEC0486D31800D8A456 /* Resources */ = {
			isa = PBXResourcesBuildPhase;
			buildActionMask = 2147483647;
			files = (
				8D202CED0486D31800D8A456 /* InfoPlist.strings in Resources */,
				8D202CEE0486D31800D8A456 /* WindowManPref.tiff in Resources */,
				8D202CEF0486D31800D8A456 /* WindowManPref.xib in Resources */,
				F28E52D01193615800880FFF /* WindowManPreferences.strings in Resources */,
				F28E53AA1193CF0B00880FFF /* WindowManHelper.app in Resources */,
			);
			runOnlyForDeploymentPostprocessing = 0;
		};
		F28E53981193CEEF00880FFF /* Resources */ = {
			isa = PBXResourcesBuildPhase;
			buildActionMask = 2147483647;
			files = (
			);
			runOnlyForDeploymentPostprocessing = 0;
		};
/* End PBXResourcesBuildPhase section */

/* Begin PBXRezBuildPhase section */
		8D202CF50486D31800D8A456 /* Rez */ = {
			isa = PBXRezBuildPhase;
			buildActionMask = 2147483647;
			files = (
			);
			runOnlyForDeploymentPostprocessing = 0;
		};
/* End PBXRezBuildPhase section */

/* Begin PBXSourcesBuildPhase section */
		8D202CF00486D31800D8A456 /* Sources */ = {
			isa = PBXSourcesBuildPhase;
			buildActionMask = 2147483647;
			files = (
				8D202CF10486D31800D8A456 /* WindowManPref.m in Sources */,
				F28E50FF11911F9E00880FFF /* WindowManCommonPreferences.m in Sources */,
				F28E5114119123A000880FFF /* WindowManHotkeyPreferences.m in Sources */,
				F28E512C1191282E00880FFF /* NWHotkeyBox.m in Sources */,
				F28E512E1191282E00880FFF /* NWHotkeyStringTransformer.m in Sources */,
				F28E514211912A6600880FFF /* NWLoginItems.m in Sources */,
				F28E515411915E8B00880FFF /* WindowManHotkeyTextView.m in Sources */,
				F28E51661191659300880FFF /* WindowManHotkeyCell.m in Sources */,
				F28E535D11937F6A00880FFF /* WindowManNotifications.m in Sources */,
				F28E53B11193CF5800880FFF /* WindowManBundleIdentifiers.m in Sources */,
			);
			runOnlyForDeploymentPostprocessing = 0;
		};
		F28E53991193CEEF00880FFF /* Sources */ = {
			isa = PBXSourcesBuildPhase;
			buildActionMask = 2147483647;
			files = (
				F28E53BD1193D11D00880FFF /* main.m in Sources */,
				F28E53C01193D13000880FFF /* WindowManHelperAppDelegate.m in Sources */,
				F28E53E31193DDC900880FFF /* WindowManCommonPreferences.m in Sources */,
				F28E53E41193DDCD00880FFF /* WindowManHotkeyPreferences.m in Sources */,
				F28E53E51193DDD600880FFF /* WindowManNotifications.m in Sources */,
				F28E53E61193DDD600880FFF /* NWHotkeyBox.m in Sources */,
				F28E53E71193DDD600880FFF /* NWHotkeyStringTransformer.m in Sources */,
				F28E53E81193DDD600880FFF /* WindowManBundleIdentifiers.m in Sources */,
				F23BFCAE11940C980005E64D /* WindowManMoverSizer.m in Sources */,
			);
			runOnlyForDeploymentPostprocessing = 0;
		};
/* End PBXSourcesBuildPhase section */

/* Begin PBXTargetDependency section */
		F28E53A31193CF0100880FFF /* PBXTargetDependency */ = {
			isa = PBXTargetDependency;
			target = F28E539B1193CEEF00880FFF /* WindowManHelper */;
			targetProxy = F28E53A21193CF0100880FFF /* PBXContainerItemProxy */;
		};
/* End PBXTargetDependency section */

/* Begin PBXVariantGroup section */
		089C167DFE841241C02AAC07 /* InfoPlist.strings */ = {
			isa = PBXVariantGroup;
			children = (
				089C167EFE841241C02AAC07 /* English */,
			);
			name = InfoPlist.strings;
			sourceTree = "<group>";
		};
		F28E52CF1193615800880FFF /* WindowManPreferences.strings */ = {
			isa = PBXVariantGroup;
			children = (
				F28E52C9119360B800880FFF /* English */,
			);
			name = WindowManPreferences.strings;
			sourceTree = "<group>";
		};
		F506C042013D9D8C01CA16C8 /* WindowManPref.xib */ = {
			isa = PBXVariantGroup;
			children = (
				F506C043013D9D8C01CA16C8 /* English */,
			);
			name = WindowManPref.xib;
			sourceTree = "<group>";
		};
/* End PBXVariantGroup section */

/* Begin XCBuildConfiguration section */
		1DBD214908BA80EA00186707 /* Debug */ = {
			isa = XCBuildConfiguration;
			buildSettings = {
				COPY_PHASE_STRIP = NO;
				GCC_DYNAMIC_NO_PIC = NO;
				GCC_ENABLE_FIX_AND_CONTINUE = YES;
				GCC_MODEL_TUNING = G5;
				GCC_OPTIMIZATION_LEVEL = 0;
				GCC_PRECOMPILE_PREFIX_HEADER = YES;
				INFOPLIST_FILE = Prefpane/Resources/Info.plist;
				INSTALL_PATH = "$(HOME)/Library/PreferencePanes";
				PRODUCT_NAME = WindowMan;
				WRAPPER_EXTENSION = prefPane;
				ZERO_LINK = YES;
			};
			name = Debug;
		};
		1DBD214A08BA80EA00186707 /* Release */ = {
			isa = XCBuildConfiguration;
			buildSettings = {
				DEBUG_INFORMATION_FORMAT = "dwarf-with-dsym";
				GCC_MODEL_TUNING = G5;
				GCC_PRECOMPILE_PREFIX_HEADER = YES;
				INFOPLIST_FILE = Prefpane/Resources/Info.plist;
				INSTALL_PATH = "$(HOME)/Library/PreferencePanes";
				PRODUCT_NAME = WindowMan;
				WRAPPER_EXTENSION = prefPane;
			};
			name = Release;
		};
		1DBD214D08BA80EA00186707 /* Debug */ = {
			isa = XCBuildConfiguration;
			buildSettings = {
				ARCHS = "$(ARCHS_STANDARD_32_64_BIT)";
				GCC_C_LANGUAGE_STANDARD = gnu99;
				GCC_ENABLE_OBJC_GC = supported;
				GCC_PREFIX_HEADER = Global/Sources/WindowMan_Prefix.pch;
				GCC_VERSION = com.apple.compilers.llvm.clang.1_0;
				GCC_WARN_ABOUT_RETURN_TYPE = YES;
				GCC_WARN_UNUSED_VARIABLE = YES;
				ONLY_ACTIVE_ARCH = YES;
				PREBINDING = NO;
				SDKROOT = macosx10.6;
				VALID_ARCHS = "i386 ppc x86_64";
			};
			name = Debug;
		};
		1DBD214E08BA80EA00186707 /* Release */ = {
			isa = XCBuildConfiguration;
			buildSettings = {
				ARCHS = "$(ARCHS_STANDARD_32_64_BIT)";
				GCC_C_LANGUAGE_STANDARD = gnu99;
				GCC_ENABLE_OBJC_GC = supported;
				GCC_PREFIX_HEADER = Global/Sources/WindowMan_Prefix.pch;
				GCC_WARN_ABOUT_RETURN_TYPE = YES;
				GCC_WARN_UNUSED_VARIABLE = YES;
				PREBINDING = NO;
				SDKROOT = macosx10.6;
				VALID_ARCHS = "i386 ppc x86_64";
			};
			name = Release;
		};
		F28E539F1193CEF000880FFF /* Debug */ = {
			isa = XCBuildConfiguration;
			buildSettings = {
				ALWAYS_SEARCH_USER_PATHS = NO;
				COPY_PHASE_STRIP = NO;
				GCC_DYNAMIC_NO_PIC = NO;
				GCC_ENABLE_FIX_AND_CONTINUE = YES;
				GCC_MODEL_TUNING = G5;
				GCC_OPTIMIZATION_LEVEL = 0;
				GCC_PRECOMPILE_PREFIX_HEADER = YES;
				INFOPLIST_FILE = Helper/Resources/Info.plist;
				INSTALL_PATH = "$(HOME)/Applications";
				OTHER_LDFLAGS = (
					"-framework",
					Foundation,
					"-framework",
					AppKit,
				);
				PREBINDING = NO;
				PRODUCT_NAME = WindowManHelper;
			};
			name = Debug;
		};
		F28E53A01193CEF000880FFF /* Release */ = {
			isa = XCBuildConfiguration;
			buildSettings = {
				ALWAYS_SEARCH_USER_PATHS = NO;
				COPY_PHASE_STRIP = YES;
				DEBUG_INFORMATION_FORMAT = "dwarf-with-dsym";
				GCC_ENABLE_FIX_AND_CONTINUE = NO;
				GCC_MODEL_TUNING = G5;
				GCC_PRECOMPILE_PREFIX_HEADER = YES;
				INFOPLIST_FILE = Helper/Resources/Info.plist;
				INSTALL_PATH = "$(HOME)/Applications";
				OTHER_LDFLAGS = (
					"-framework",
					Foundation,
					"-framework",
					AppKit,
				);
				PREBINDING = NO;
				PRODUCT_NAME = WindowManHelper;
				ZERO_LINK = NO;
			};
			name = Release;
		};
/* End XCBuildConfiguration section */

/* Begin XCConfigurationList section */
		1DBD214808BA80EA00186707 /* Build configuration list for PBXNativeTarget "WindowMan" */ = {
			isa = XCConfigurationList;
			buildConfigurations = (
				1DBD214908BA80EA00186707 /* Debug */,
				1DBD214A08BA80EA00186707 /* Release */,
			);
			defaultConfigurationIsVisible = 0;
			defaultConfigurationName = Release;
		};
		1DBD214C08BA80EA00186707 /* Build configuration list for PBXProject "WindowMan" */ = {
			isa = XCConfigurationList;
			buildConfigurations = (
				1DBD214D08BA80EA00186707 /* Debug */,
				1DBD214E08BA80EA00186707 /* Release */,
			);
			defaultConfigurationIsVisible = 0;
			defaultConfigurationName = Release;
		};
		F28E53A11193CEF000880FFF /* Build configuration list for PBXNativeTarget "WindowManHelper" */ = {
			isa = XCConfigurationList;
			buildConfigurations = (
				F28E539F1193CEF000880FFF /* Debug */,
				F28E53A01193CEF000880FFF /* Release */,
			);
			defaultConfigurationIsVisible = 0;
			defaultConfigurationName = Release;
		};
/* End XCConfigurationList section */
	};
	rootObject = 089C1669FE841209C02AAC07 /* Project object */;
}
